{
  "name": "process-palette",
  "version": "0.17.1",
  "lockfileVersion": 1,
  "requires": true,
  "dependencies": {
    "ansi-to-html": {
      "version": "0.3.0",
      "resolved": "https://registry.npmjs.org/ansi-to-html/-/ansi-to-html-0.3.0.tgz",
      "integrity": "sha1-Izy+XLPPMSb2Qyb6v75sH0hUgJ8=",
      "requires": {
        "entities": "^1.1.1"
      }
    },
    "async": {
      "version": "1.5.2",
      "resolved": "https://registry.npmjs.org/async/-/async-1.5.2.tgz",
      "integrity": "sha1-7GphrlZIDAw8skHJVhjiCJL5Zyo="
    },
    "atom-space-pen-views": {
      "version": "2.2.0",
      "resolved": "https://registry.npmjs.org/atom-space-pen-views/-/atom-space-pen-views-2.2.0.tgz",
      "integrity": "sha1-plsskg7QL3JAFPp9Plw9ePv1mZc=",
      "requires": {
        "fuzzaldrin": "^2.1.0",
        "space-pen": "^5.1.2"
      }
    },
    "balanced-match": {
      "version": "1.0.0",
      "resolved": "https://registry.npmjs.org/balanced-match/-/balanced-match-1.0.0.tgz",
      "integrity": "sha1-ibTRmasr7kneFk6gK4nORi1xt2c="
    },
    "brace-expansion": {
      "version": "1.1.11",
      "resolved": "https://registry.npmjs.org/brace-expansion/-/brace-expansion-1.1.11.tgz",
      "integrity": "sha512-iCuPHDFgrHX7H2vEI/5xpz07zSHB00TpugqhmYtVmMO6518mCuRMoOYFldEBl0g187ufozdaHgWKcYFb61qGiA==",
      "requires": {
        "balanced-match": "^1.0.0",
        "concat-map": "0.0.1"
      }
    },
    "concat-map": {
      "version": "0.0.1",
      "resolved": "https://registry.npmjs.org/concat-map/-/concat-map-0.0.1.tgz",
      "integrity": "sha1-2Klr13/Wjfd5OnMDajug1UBdR3s="
    },
    "d": {
      "version": "0.1.1",
      "resolved": "https://registry.npmjs.org/d/-/d-0.1.1.tgz",
      "integrity": "sha1-2hhMU10Y2O57oqoim5FACfrhEwk=",
      "requires": {
        "es5-ext": "~0.10.2"
      }
    },
    "duplexer": {
      "version": "0.1.2",
      "resolved": "https://registry.npmjs.org/duplexer/-/duplexer-0.1.2.tgz",
      "integrity": "sha512-jtD6YG370ZCIi/9GTaJKQxWTZD045+4R4hTk/x1UyoqadyJ9x9CgSi1RlVDQF8U2sxLLSnFkCaMihqljHIWgMg=="
    },
    "emissary": {
      "version": "1.3.3",
      "resolved": "https://registry.npmjs.org/emissary/-/emissary-1.3.3.tgz",
      "integrity": "sha1-phjZLWgrIy0xER3DYlpd9mF5lgY=",
      "requires": {
        "es6-weak-map": "^0.1.2",
        "mixto": "1.x",
        "property-accessors": "^1.1",
        "underscore-plus": "1.x"
      }
    },
    "entities": {
      "version": "1.1.2",
      "resolved": "https://registry.npmjs.org/entities/-/entities-1.1.2.tgz",
      "integrity": "sha512-f2LZMYl1Fzu7YSBKg+RoROelpOaNrcGmE9AZubeDfrCEia483oW4MI4VyFd5VNHIgQ/7qm1I0wUHK1eJnn2y2w=="
    },
    "es5-ext": {
      "version": "0.10.53",
      "resolved": "https://registry.npmjs.org/es5-ext/-/es5-ext-0.10.53.tgz",
      "integrity": "sha512-Xs2Stw6NiNHWypzRTY1MtaG/uJlwCk8kH81920ma8mvN8Xq1gsfhZvpkImLQArw8AHnv8MT2I45J3c0R8slE+Q==",
      "requires": {
        "es6-iterator": "~2.0.3",
        "es6-symbol": "~3.1.3",
        "next-tick": "~1.0.0"
      },
      "dependencies": {
        "d": {
          "version": "1.0.1",
          "resolved": "https://registry.npmjs.org/d/-/d-1.0.1.tgz",
          "integrity": "sha512-m62ShEObQ39CfralilEQRjH6oAMtNCV1xJyEx5LpRYUVN+EviphDgUc/F3hnYbADmkiNs67Y+3ylmlG7Lnu+FA==",
          "requires": {
            "es5-ext": "^0.10.50",
            "type": "^1.0.1"
          }
        },
        "es6-iterator": {
          "version": "2.0.3",
          "resolved": "https://registry.npmjs.org/es6-iterator/-/es6-iterator-2.0.3.tgz",
          "integrity": "sha1-p96IkUGgWpSwhUQDstCg+/qY87c=",
          "requires": {
            "d": "1",
            "es5-ext": "^0.10.35",
            "es6-symbol": "^3.1.1"
          }
        },
        "es6-symbol": {
          "version": "3.1.3",
          "resolved": "https://registry.npmjs.org/es6-symbol/-/es6-symbol-3.1.3.tgz",
          "integrity": "sha512-NJ6Yn3FuDinBaBRWl/q5X/s4koRHBrgKAu+yGI6JCBeiu3qrcbJhwT2GeR/EXVfylRk8dpQVJoLEFhK+Mu31NA==",
          "requires": {
            "d": "^1.0.1",
            "ext": "^1.1.2"
          }
        }
      }
    },
    "es6-iterator": {
      "version": "0.1.3",
      "resolved": "https://registry.npmjs.org/es6-iterator/-/es6-iterator-0.1.3.tgz",
      "integrity": "sha1-1vWLjE/EE8JJtLqhl2j45NfIlE4=",
      "requires": {
        "d": "~0.1.1",
        "es5-ext": "~0.10.5",
        "es6-symbol": "~2.0.1"
      }
    },
    "es6-symbol": {
      "version": "2.0.1",
      "resolved": "https://registry.npmjs.org/es6-symbol/-/es6-symbol-2.0.1.tgz",
      "integrity": "sha1-dhtcZ8/U8dGK+yNPaR1nhoLLO/M=",
      "requires": {
        "d": "~0.1.1",
        "es5-ext": "~0.10.5"
      }
    },
    "es6-weak-map": {
      "version": "0.1.4",
      "resolved": "https://registry.npmjs.org/es6-weak-map/-/es6-weak-map-0.1.4.tgz",
      "integrity": "sha1-cGzvnpmqI2undmwjnIueKG6n0ig=",
      "requires": {
        "d": "~0.1.1",
        "es5-ext": "~0.10.6",
        "es6-iterator": "~0.1.3",
        "es6-symbol": "~2.0.1"
      }
    },
    "event-stream": {
      "version": "3.3.5",
      "resolved": "https://registry.npmjs.org/event-stream/-/event-stream-3.3.5.tgz",
      "integrity": "sha512-vyibDcu5JL20Me1fP734QBH/kenBGLZap2n0+XXM7mvuUPzJ20Ydqj1aKcIeMdri1p+PU+4yAKugjN8KCVst+g==",
      "requires": {
        "duplexer": "^0.1.1",
        "from": "^0.1.7",
        "map-stream": "0.0.7",
        "pause-stream": "^0.0.11",
        "split": "^1.0.1",
        "stream-combiner": "^0.2.2",
        "through": "^2.3.8"
      }
    },
    "ext": {
      "version": "1.4.0",
      "resolved": "https://registry.npmjs.org/ext/-/ext-1.4.0.tgz",
      "integrity": "sha512-Key5NIsUxdqKg3vIsdw9dSuXpPCQ297y6wBjL30edxwPgt2E44WcWBZey/ZvUc6sERLTxKdyCu4gZFmUbk1Q7A==",
      "requires": {
        "type": "^2.0.0"
      },
      "dependencies": {
        "type": {
          "version": "2.5.0",
          "resolved": "https://registry.npmjs.org/type/-/type-2.5.0.tgz",
          "integrity": "sha512-180WMDQaIMm3+7hGXWf12GtdniDEy7nYcyFMKJn/eZz/6tSLXrUN9V0wKSbMjej0I1WHWbpREDEKHtqPQa9NNw=="
        }
      }
    },
    "from": {
      "version": "0.1.7",
      "resolved": "https://registry.npmjs.org/from/-/from-0.1.7.tgz",
      "integrity": "sha1-g8YK/Fi5xWmXAH7Rp2izqzA6RP4="
    },
    "fs-plus": {
      "version": "2.10.1",
      "resolved": "https://registry.npmjs.org/fs-plus/-/fs-plus-2.10.1.tgz",
      "integrity": "sha1-MgR4HXhAYR5jZOe2+wWMljJ8WqU=",
      "requires": {
        "async": "^1.5.2",
        "mkdirp": "^0.5.1",
        "rimraf": "^2.5.2",
        "underscore-plus": "1.x"
      }
    },
    "fs.realpath": {
      "version": "1.0.0",
      "resolved": "https://registry.npmjs.org/fs.realpath/-/fs.realpath-1.0.0.tgz",
      "integrity": "sha1-FQStJSMVjKpA20onh8sBQRmU6k8="
    },
    "function-bind": {
      "version": "1.1.1",
      "resolved": "https://registry.npmjs.org/function-bind/-/function-bind-1.1.1.tgz",
      "integrity": "sha512-yIovAzMX49sF8Yl58fSCWJ5svSLuaibPxXQJFLmBObTuCr0Mf1KiPopGM9NiFjiYBCbfaa2Fh6breQ6ANVTI0A=="
    },
    "fuzzaldrin": {
      "version": "2.1.0",
      "resolved": "https://registry.npmjs.org/fuzzaldrin/-/fuzzaldrin-2.1.0.tgz",
      "integrity": "sha1-kCBMPi/appQbso0WZF1BgGOpDps="
    },
    "glob": {
      "version": "7.1.6",
      "resolved": "https://registry.npmjs.org/glob/-/glob-7.1.6.tgz",
      "integrity": "sha512-LwaxwyZ72Lk7vZINtNNrywX0ZuLyStrdDtabefZKAY5ZGJhVtgdznluResxNmPitE0SAO+O26sWTHeKSI2wMBA==",
      "requires": {
        "fs.realpath": "^1.0.0",
        "inflight": "^1.0.4",
        "inherits": "2",
        "minimatch": "^3.0.4",
        "once": "^1.3.0",
        "path-is-absolute": "^1.0.0"
      },
      "dependencies": {
        "minimatch": {
          "version": "3.0.4",
          "resolved": "https://registry.npmjs.org/minimatch/-/minimatch-3.0.4.tgz",
          "integrity": "sha512-yJHVQEhyqPLUTgt9B83PXu6W3rx4MvvHvSUvToogpwoGDOUQ+yDrR0HRot+yOCdCO7u4hX3pWft6kWBBcqh0UA==",
          "requires": {
            "brace-expansion": "^1.1.7"
          }
        }
      }
    },
    "grim": {
      "version": "1.5.0",
      "resolved": "https://registry.npmjs.org/grim/-/grim-1.5.0.tgz",
      "integrity": "sha1-sysI71Z88YUvgXWe2caLDXE5ajI=",
      "requires": {
        "emissary": "^1.2.0"
      }
    },
    "has": {
      "version": "1.0.3",
      "resolved": "https://registry.npmjs.org/has/-/has-1.0.3.tgz",
      "integrity": "sha512-f2dvO0VU6Oej7RkWJGrehjbzMAjFp5/VKPp5tTpWIV4JHHZK1/BxbFRtf/siA2SWTe09caDmVtYYzWEIbBS4zw==",
      "requires": {
        "function-bind": "^1.1.1"
      }
    },
    "inflight": {
      "version": "1.0.6",
      "resolved": "https://registry.npmjs.org/inflight/-/inflight-1.0.6.tgz",
      "integrity": "sha1-Sb1jMdfQLQwJvJEKEHW6gWW1bfk=",
      "requires": {
        "once": "^1.3.0",
        "wrappy": "1"
      }
    },
    "inherits": {
      "version": "2.0.4",
      "resolved": "https://registry.npmjs.org/inherits/-/inherits-2.0.4.tgz",
      "integrity": "sha512-k/vGaX4/Yla3WzyMCvTQOXYeIHvqOKtnqBduzTHpzpQZzAskKMhZ2K+EnBiSM9zGSoIFeMpXKxa4dYeZIQqewQ=="
    },
    "interpret": {
      "version": "1.4.0",
      "resolved": "https://registry.npmjs.org/interpret/-/interpret-1.4.0.tgz",
      "integrity": "sha512-agE4QfB2Lkp9uICn7BAqoscw4SZP9kTE2hxiFI3jBPmXJfdqiahTbUuKGsMoN2GtqL9AxhYioAcVvgsb1HvRbA=="
    },
    "is-core-module": {
      "version": "2.2.0",
      "resolved": "https://registry.npmjs.org/is-core-module/-/is-core-module-2.2.0.tgz",
      "integrity": "sha512-XRAfAdyyY5F5cOXn7hYQDqh2Xmii+DEfIcQGxK/uNwMHhIkPWO0g8msXcbzLe+MpGoR951MlqM/2iIlU4vKDdQ==",
      "requires": {
        "has": "^1.0.3"
      }
    },
    "jquery": {
      "version": "2.1.4",
      "resolved": "https://registry.npmjs.org/jquery/-/jquery-2.1.4.tgz",
      "integrity": "sha1-IoveaYoMYUMdwmMKahVPFYkNIxc="
    },
    "loophole": {
      "version": "1.1.0",
      "resolved": "https://registry.npmjs.org/loophole/-/loophole-1.1.0.tgz",
      "integrity": "sha1-N5Sf6kU7YlasxyXDIM4MWn9wor0="
    },
    "map-stream": {
      "version": "0.0.7",
      "resolved": "https://registry.npmjs.org/map-stream/-/map-stream-0.0.7.tgz",
      "integrity": "sha1-ih8HiW2CsQkmvTdEokIACfiJdKg="
    },
    "minimatch": {
      "version": "2.0.10",
      "resolved": "https://registry.npmjs.org/minimatch/-/minimatch-2.0.10.tgz",
      "integrity": "sha1-jQh8OcazjAAbl/ynzm0OHoCvusc=",
      "requires": {
        "brace-expansion": "^1.0.0"
      }
    },
    "minimist": {
      "version": "1.2.5",
      "resolved": "https://registry.npmjs.org/minimist/-/minimist-1.2.5.tgz",
      "integrity": "sha512-FM9nNUYrRBAELZQT3xeZQ7fmMOBg6nWNmJKTcgsJeaLstP/UODVpGsr5OhXhhXg6f+qtJ8uiZ+PUxkDWcgIXLw=="
    },
    "mixto": {
      "version": "1.0.0",
      "resolved": "https://registry.npmjs.org/mixto/-/mixto-1.0.0.tgz",
      "integrity": "sha1-wyDvYbUvKJj1IuF9i7xtUG2EJbY="
    },
    "mkdirp": {
      "version": "0.5.5",
      "resolved": "https://registry.npmjs.org/mkdirp/-/mkdirp-0.5.5.tgz",
      "integrity": "sha512-NKmAlESf6jMGym1++R0Ra7wvhV+wFW63FaSOFPwRahvea0gMUcGUhVeAg/0BC0wiv9ih5NYPB1Wn1UEI1/L+xQ==",
      "requires": {
        "minimist": "^1.2.5"
      }
    },
    "next-tick": {
      "version": "1.0.0",
      "resolved": "https://registry.npmjs.org/next-tick/-/next-tick-1.0.0.tgz",
      "integrity": "sha1-yobR/ogoFpsBICCOPchCS524NCw="
    },
    "once": {
      "version": "1.4.0",
      "resolved": "https://registry.npmjs.org/once/-/once-1.4.0.tgz",
      "integrity": "sha1-WDsap3WWHUsROsF9nFC6753Xa9E=",
      "requires": {
        "wrappy": "1"
      }
    },
    "path": {
      "version": "0.11.14",
      "resolved": "https://registry.npmjs.org/path/-/path-0.11.14.tgz",
      "integrity": "sha1-y8dWk1XLPIOv60rOQ+z/lSMeWn0="
    },
    "path-is-absolute": {
      "version": "1.0.1",
      "resolved": "https://registry.npmjs.org/path-is-absolute/-/path-is-absolute-1.0.1.tgz",
      "integrity": "sha1-F0uSaHNVNP+8es5r9TpanhtcX18="
    },
    "path-parse": {
      "version": "1.0.6",
      "resolved": "https://registry.npmjs.org/path-parse/-/path-parse-1.0.6.tgz",
      "integrity": "sha512-GSmOT2EbHrINBf9SR7CDELwlJ8AENk3Qn7OikK4nFYAu3Ote2+JYNVvkpAEQm3/TLNEJFD/xZJjzyxg3KBWOzw=="
    },
    "pause-stream": {
      "version": "0.0.11",
      "resolved": "https://registry.npmjs.org/pause-stream/-/pause-stream-0.0.11.tgz",
      "integrity": "sha1-/lo0sMvOErWqaitAPuLnO2AvFEU=",
      "requires": {
        "through": "~2.3"
      }
    },
    "property-accessors": {
      "version": "1.1.3",
      "resolved": "https://registry.npmjs.org/property-accessors/-/property-accessors-1.1.3.tgz",
      "integrity": "sha1-Hd6EAkYxhlkJ7zBwM2VoDF+SixU=",
      "requires": {
        "es6-weak-map": "^0.1.2",
        "mixto": "1.x"
      }
    },
    "ps-tree": {
      "version": "1.0.0",
      "resolved": "https://registry.npmjs.org/ps-tree/-/ps-tree-1.0.0.tgz",
      "integrity": "sha1-DrZHCKYLVOMzFjbkoD57Ysikvuw=",
      "requires": {
        "event-stream": "~3.3.0"
      }
    },
    "rechoir": {
      "version": "0.6.2",
      "resolved": "https://registry.npmjs.org/rechoir/-/rechoir-0.6.2.tgz",
      "integrity": "sha1-hSBLVNuoLVdC4oyWdW70OvUOM4Q=",
      "requires": {
        "resolve": "^1.1.6"
      }
    },
    "resolve": {
      "version": "1.20.0",
      "resolved": "https://registry.npmjs.org/resolve/-/resolve-1.20.0.tgz",
      "integrity": "sha512-wENBPt4ySzg4ybFQW2TT1zMQucPK95HSh/nq2CFTZVOGut2+pQvSsgtda4d26YrYcr067wjbmzOG8byDPBX63A==",
      "requires": {
        "is-core-module": "^2.2.0",
        "path-parse": "^1.0.6"
      }
    },
    "rimraf": {
      "version": "2.7.1",
      "resolved": "https://registry.npmjs.org/rimraf/-/rimraf-2.7.1.tgz",
      "integrity": "sha512-uWjbaKIK3T1OSVptzX7Nl6PvQ3qAGtKEtVRjRuazjfL3Bx5eI409VZSqgND+4UNnmzLVdPj9FqFJNPqBZFve4w==",
      "requires": {
        "glob": "^7.1.3"
      }
    },
    "shelljs": {
      "version": "0.7.8",
      "resolved": "https://registry.npmjs.org/shelljs/-/shelljs-0.7.8.tgz",
      "integrity": "sha1-3svPh0sNHl+3LhSxZKloMEjprLM=",
      "requires": {
        "glob": "^7.0.0",
        "interpret": "^1.0.0",
        "rechoir": "^0.6.2"
      }
    },
    "space-pen": {
      "version": "5.1.2",
      "resolved": "https://registry.npmjs.org/space-pen/-/space-pen-5.1.2.tgz",
      "integrity": "sha1-Ivu+EOCwROe3pHsCPamdlLWE748=",
      "requires": {
        "grim": "^1.0.0",
        "jquery": "2.1.4",
        "underscore-plus": "1.x"
      }
    },
    "split": {
      "version": "1.0.1",
      "resolved": "https://registry.npmjs.org/split/-/split-1.0.1.tgz",
      "integrity": "sha512-mTyOoPbrivtXnwnIxZRFYRrPNtEFKlpB2fvjSnCQUiAA6qAZzqwna5envK4uk6OIeP17CsdF3rSBGYVBsU0Tkg==",
      "requires": {
        "through": "2"
      }
    },
    "stream-combiner": {
      "version": "0.2.2",
      "resolved": "https://registry.npmjs.org/stream-combiner/-/stream-combiner-0.2.2.tgz",
      "integrity": "sha1-rsjLrBd7Vrb0+kec7YwZEs7lKFg=",
      "requires": {
        "duplexer": "~0.1.1",
        "through": "~2.3.4"
      }
    },
    "through": {
      "version": "2.3.8",
      "resolved": "https://registry.npmjs.org/through/-/through-2.3.8.tgz",
      "integrity": "sha1-DdTJ/6q8NXlgsbckEV1+Doai4fU="
    },
    "type": {
      "version": "1.2.0",
      "resolved": "https://registry.npmjs.org/type/-/type-1.2.0.tgz",
      "integrity": "sha512-+5nt5AAniqsCnu2cEQQdpzCAh33kVx8n0VoFidKpB1dVVLAN/F+bgVOqOJqOnEnrhp222clB5p3vUlD+1QAnfg=="
    },
    "underscore": {
      "version": "1.12.0",
      "resolved": "https://registry.npmjs.org/underscore/-/underscore-1.12.0.tgz",
      "integrity": "sha512-21rQzss/XPMjolTiIezSu3JAjgagXKROtNrYFEOWK109qY1Uv2tVjPTZ1ci2HgvQDA16gHYSthQIJfB+XId/rQ=="
    },
    "underscore-plus": {
      "version": "1.7.0",
      "resolved": "https://registry.npmjs.org/underscore-plus/-/underscore-plus-1.7.0.tgz",
      "integrity": "sha512-A3BEzkeicFLnr+U/Q3EyWwJAQPbA19mtZZ4h+lLq3ttm9kn8WC4R3YpuJZEXmWdLjYP47Zc8aLZm9kwdv+zzvA==",
      "requires": {
        "underscore": "^1.9.1"
      }
    },
    "underscore.string": {
      "version": "3.2.3",
      "resolved": "https://registry.npmjs.org/underscore.string/-/underscore.string-3.2.3.tgz",
      "integrity": "sha1-gGmSYzZl1eX8tNsfs6hi62jp5to="
    },
    "wrappy": {
      "version": "1.0.2",
      "resolved": "https://registry.npmjs.org/wrappy/-/wrappy-1.0.2.tgz",
      "integrity": "sha1-tSQ9jz7BqjXxNkYFvA0QNuMKtp8="
    }
  }
}
